// !$*UTF8*$!
{
	archiveVersion = 1;
	classes = {
	};
	objectVersion = 46;
	objects = {

/* Begin PBXBuildFile section */
		612112F91E5D559500A0EC9F /* AppDelegate.swift in Sources */ = {isa = PBXBuildFile; fileRef = 612112F81E5D559500A0EC9F /* AppDelegate.swift */; };
		612112FB1E5D559500A0EC9F /* LuckyStockViewController.swift in Sources */ = {isa = PBXBuildFile; fileRef = 612112FA1E5D559500A0EC9F /* LuckyStockViewController.swift */; };
		612113001E5D559500A0EC9F /* Assets.xcassets in Resources */ = {isa = PBXBuildFile; fileRef = 612112FF1E5D559500A0EC9F /* Assets.xcassets */; };
		612113031E5D559500A0EC9F /* LaunchScreen.storyboard in Resources */ = {isa = PBXBuildFile; fileRef = 612113011E5D559500A0EC9F /* LaunchScreen.storyboard */; };
		6121130C1E5D580200A0EC9F /* StockCell.swift in Sources */ = {isa = PBXBuildFile; fileRef = 6121130B1E5D580200A0EC9F /* StockCell.swift */; };
		613A88E51E649A06001F86BC /* CompanyInfoViewController.swift in Sources */ = {isa = PBXBuildFile; fileRef = 613A88E41E649A06001F86BC /* CompanyInfoViewController.swift */; };
		618BF2B11E5DFDB0008ED0CB /* LuckyStock.swift in Sources */ = {isa = PBXBuildFile; fileRef = 618BF2B01E5DFDB0008ED0CB /* LuckyStock.swift */; };
		618BF2B31E5DFF6D008ED0CB /* UsefulExtension.swift in Sources */ = {isa = PBXBuildFile; fileRef = 618BF2B21E5DFF6D008ED0CB /* UsefulExtension.swift */; };
		618BF2B71E5E710F008ED0CB /* StockHeader.swift in Sources */ = {isa = PBXBuildFile; fileRef = 618BF2B61E5E710F008ED0CB /* StockHeader.swift */; };
		618BF2B91E5EB32E008ED0CB /* Service.swift in Sources */ = {isa = PBXBuildFile; fileRef = 618BF2B81E5EB32E008ED0CB /* Service.swift */; };
		61F854FF1E5F501E00287399 /* GoogleService-Info.plist in Resources */ = {isa = PBXBuildFile; fileRef = 61F854FE1E5F501E00287399 /* GoogleService-Info.plist */; };
		61F855011E600C5A00287399 /* StockSettingLauncher.swift in Sources */ = {isa = PBXBuildFile; fileRef = 61F855001E600C5A00287399 /* StockSettingLauncher.swift */; };
		61F855031E61C72D00287399 /* SecurityCompanyViewController.swift in Sources */ = {isa = PBXBuildFile; fileRef = 61F855021E61C72C00287399 /* SecurityCompanyViewController.swift */; };
		61F855051E63C81300287399 /* StockDetailViewController.swift in Sources */ = {isa = PBXBuildFile; fileRef = 61F855041E63C81300287399 /* StockDetailViewController.swift */; };
		61F855071E63CABD00287399 /* StockDetailCell.swift in Sources */ = {isa = PBXBuildFile; fileRef = 61F855061E63CABD00287399 /* StockDetailCell.swift */; };
		8342619E6DB3CE8ADAA155C9 /* Pods_LuckyStock.framework in Frameworks */ = {isa = PBXBuildFile; fileRef = C3227FDA530EB6D4EBCDF1C6 /* Pods_LuckyStock.framework */; };
/* End PBXBuildFile section */

/* Begin PBXFileReference section */
		05E4698631169F9B33086A2B /* Pods-LuckyStock.release.xcconfig */ = {isa = PBXFileReference; includeInIndex = 1; lastKnownFileType = text.xcconfig; name = "Pods-LuckyStock.release.xcconfig"; path = "Pods/Target Support Files/Pods-LuckyStock/Pods-LuckyStock.release.xcconfig"; sourceTree = "<group>"; };
		23D54F711939EFD22A7D7EAD /* Pods-LuckyStock.debug.xcconfig */ = {isa = PBXFileReference; includeInIndex = 1; lastKnownFileType = text.xcconfig; name = "Pods-LuckyStock.debug.xcconfig"; path = "Pods/Target Support Files/Pods-LuckyStock/Pods-LuckyStock.debug.xcconfig"; sourceTree = "<group>"; };
		612112F51E5D559500A0EC9F /* LuckyStock.app */ = {isa = PBXFileReference; explicitFileType = wrapper.application; includeInIndex = 0; path = LuckyStock.app; sourceTree = BUILT_PRODUCTS_DIR; };
		612112F81E5D559500A0EC9F /* AppDelegate.swift */ = {isa = PBXFileReference; lastKnownFileType = sourcecode.swift; path = AppDelegate.swift; sourceTree = "<group>"; };
		612112FA1E5D559500A0EC9F /* LuckyStockViewController.swift */ = {isa = PBXFileReference; lastKnownFileType = sourcecode.swift; path = LuckyStockViewController.swift; sourceTree = "<group>"; };
		612112FF1E5D559500A0EC9F /* Assets.xcassets */ = {isa = PBXFileReference; lastKnownFileType = folder.assetcatalog; path = Assets.xcassets; sourceTree = "<group>"; };
		612113021E5D559500A0EC9F /* Base */ = {isa = PBXFileReference; lastKnownFileType = file.storyboard; name = Base; path = Base.lproj/LaunchScreen.storyboard; sourceTree = "<group>"; };
		612113041E5D559500A0EC9F /* Info.plist */ = {isa = PBXFileReference; lastKnownFileType = text.plist.xml; path = Info.plist; sourceTree = "<group>"; };
		6121130B1E5D580200A0EC9F /* StockCell.swift */ = {isa = PBXFileReference; fileEncoding = 4; lastKnownFileType = sourcecode.swift; path = StockCell.swift; sourceTree = "<group>"; };
		613A88E41E649A06001F86BC /* CompanyInfoViewController.swift */ = {isa = PBXFileReference; fileEncoding = 4; lastKnownFileType = sourcecode.swift; path = CompanyInfoViewController.swift; sourceTree = "<group>"; };
		618BF2B01E5DFDB0008ED0CB /* LuckyStock.swift */ = {isa = PBXFileReference; fileEncoding = 4; lastKnownFileType = sourcecode.swift; path = LuckyStock.swift; sourceTree = "<group>"; };
		618BF2B21E5DFF6D008ED0CB /* UsefulExtension.swift */ = {isa = PBXFileReference; fileEncoding = 4; lastKnownFileType = sourcecode.swift; path = UsefulExtension.swift; sourceTree = "<group>"; };
		618BF2B61E5E710F008ED0CB /* StockHeader.swift */ = {isa = PBXFileReference; fileEncoding = 4; lastKnownFileType = sourcecode.swift; path = StockHeader.swift; sourceTree = "<group>"; };
		618BF2B81E5EB32E008ED0CB /* Service.swift */ = {isa = PBXFileReference; fileEncoding = 4; lastKnownFileType = sourcecode.swift; path = Service.swift; sourceTree = "<group>"; };
		618BF2C41E5F40A6008ED0CB /* LuckyStock.entitlements */ = {isa = PBXFileReference; lastKnownFileType = text.plist.entitlements; path = LuckyStock.entitlements; sourceTree = "<group>"; };
		61F854FE1E5F501E00287399 /* GoogleService-Info.plist */ = {isa = PBXFileReference; fileEncoding = 4; lastKnownFileType = text.plist.xml; path = "GoogleService-Info.plist"; sourceTree = "<group>"; };
		61F855001E600C5A00287399 /* StockSettingLauncher.swift */ = {isa = PBXFileReference; fileEncoding = 4; lastKnownFileType = sourcecode.swift; path = StockSettingLauncher.swift; sourceTree = "<group>"; };
		61F855021E61C72C00287399 /* SecurityCompanyViewController.swift */ = {isa = PBXFileReference; fileEncoding = 4; lastKnownFileType = sourcecode.swift; path = SecurityCompanyViewController.swift; sourceTree = "<group>"; };
		61F855041E63C81300287399 /* StockDetailViewController.swift */ = {isa = PBXFileReference; fileEncoding = 4; lastKnownFileType = sourcecode.swift; path = StockDetailViewController.swift; sourceTree = "<group>"; };
		61F855061E63CABD00287399 /* StockDetailCell.swift */ = {isa = PBXFileReference; fileEncoding = 4; lastKnownFileType = sourcecode.swift; path = StockDetailCell.swift; sourceTree = "<group>"; };
		C3227FDA530EB6D4EBCDF1C6 /* Pods_LuckyStock.framework */ = {isa = PBXFileReference; explicitFileType = wrapper.framework; includeInIndex = 0; path = Pods_LuckyStock.framework; sourceTree = BUILT_PRODUCTS_DIR; };
/* End PBXFileReference section */

/* Begin PBXFrameworksBuildPhase section */
		612112F21E5D559500A0EC9F /* Frameworks */ = {
			isa = PBXFrameworksBuildPhase;
			buildActionMask = 2147483647;
			files = (
				8342619E6DB3CE8ADAA155C9 /* Pods_LuckyStock.framework in Frameworks */,
			);
			runOnlyForDeploymentPostprocessing = 0;
		};
/* End PBXFrameworksBuildPhase section */

/* Begin PBXGroup section */
		612112EC1E5D559500A0EC9F = {
			isa = PBXGroup;
			children = (
				612112F71E5D559500A0EC9F /* LuckyStock */,
				612112F61E5D559500A0EC9F /* Products */,
				B8B8D9383B3AC91DDC13ACB7 /* Pods */,
				A13D97B0EEFE5F0621B4951E /* Frameworks */,
			);
			sourceTree = "<group>";
		};
		612112F61E5D559500A0EC9F /* Products */ = {
			isa = PBXGroup;
			children = (
				612112F51E5D559500A0EC9F /* LuckyStock.app */,
			);
			name = Products;
			sourceTree = "<group>";
		};
		612112F71E5D559500A0EC9F /* LuckyStock */ = {
			isa = PBXGroup;
			children = (
				618BF2C41E5F40A6008ED0CB /* LuckyStock.entitlements */,
				618BF2B41E5E01B9008ED0CB /* Model */,
				618BF2B51E5E02FE008ED0CB /* View */,
				6121130A1E5D57DA00A0EC9F /* ViewController */,
				612113011E5D559500A0EC9F /* LaunchScreen.storyboard */,
				618BF2B21E5DFF6D008ED0CB /* UsefulExtension.swift */,
				612112F81E5D559500A0EC9F /* AppDelegate.swift */,
				61F854FE1E5F501E00287399 /* GoogleService-Info.plist */,
				612113041E5D559500A0EC9F /* Info.plist */,
				612112FF1E5D559500A0EC9F /* Assets.xcassets */,
				618BF2B81E5EB32E008ED0CB /* Service.swift */,
			);
			path = LuckyStock;
			sourceTree = "<group>";
		};
		6121130A1E5D57DA00A0EC9F /* ViewController */ = {
			isa = PBXGroup;
			children = (
				612112FA1E5D559500A0EC9F /* LuckyStockViewController.swift */,
				61F855041E63C81300287399 /* StockDetailViewController.swift */,
				613A88E41E649A06001F86BC /* CompanyInfoViewController.swift */,
				61F855001E600C5A00287399 /* StockSettingLauncher.swift */,
				61F855021E61C72C00287399 /* SecurityCompanyViewController.swift */,
			);
			name = ViewController;
			sourceTree = "<group>";
		};
		618BF2B41E5E01B9008ED0CB /* Model */ = {
			isa = PBXGroup;
			children = (
				618BF2B01E5DFDB0008ED0CB /* LuckyStock.swift */,
			);
			name = Model;
			sourceTree = "<group>";
		};
		618BF2B51E5E02FE008ED0CB /* View */ = {
			isa = PBXGroup;
			children = (
				6121130B1E5D580200A0EC9F /* StockCell.swift */,
				61F855061E63CABD00287399 /* StockDetailCell.swift */,
				618BF2B61E5E710F008ED0CB /* StockHeader.swift */,
			);
			name = View;
			sourceTree = "<group>";
		};
		A13D97B0EEFE5F0621B4951E /* Frameworks */ = {
			isa = PBXGroup;
			children = (
				C3227FDA530EB6D4EBCDF1C6 /* Pods_LuckyStock.framework */,
			);
			name = Frameworks;
			sourceTree = "<group>";
		};
		B8B8D9383B3AC91DDC13ACB7 /* Pods */ = {
			isa = PBXGroup;
			children = (
				23D54F711939EFD22A7D7EAD /* Pods-LuckyStock.debug.xcconfig */,
				05E4698631169F9B33086A2B /* Pods-LuckyStock.release.xcconfig */,
			);
			name = Pods;
			sourceTree = "<group>";
		};
/* End PBXGroup section */

/* Begin PBXNativeTarget section */
		612112F41E5D559500A0EC9F /* LuckyStock */ = {
			isa = PBXNativeTarget;
			buildConfigurationList = 612113071E5D559500A0EC9F /* Build configuration list for PBXNativeTarget "LuckyStock" */;
			buildPhases = (
				602B2FB2D231717D33F986FB /* [CP] Check Pods Manifest.lock */,
				612112F11E5D559500A0EC9F /* Sources */,
				612112F21E5D559500A0EC9F /* Frameworks */,
				612112F31E5D559500A0EC9F /* Resources */,
				DF4BFE21664C7D56528B213D /* [CP] Embed Pods Frameworks */,
				1ED4C88A564C6B501EC28BFC /* [CP] Copy Pods Resources */,
			);
			buildRules = (
			);
			dependencies = (
			);
			name = LuckyStock;
			productName = LuckyStock;
			productReference = 612112F51E5D559500A0EC9F /* LuckyStock.app */;
			productType = "com.apple.product-type.application";
		};
/* End PBXNativeTarget section */

/* Begin PBXProject section */
		612112ED1E5D559500A0EC9F /* Project object */ = {
			isa = PBXProject;
			attributes = {
				LastSwiftUpdateCheck = 0820;
				LastUpgradeCheck = 0820;
				ORGANIZATIONNAME = "吳建豪";
				TargetAttributes = {
					612112F41E5D559500A0EC9F = {
						CreatedOnToolsVersion = 8.2.1;
						DevelopmentTeam = 4ANE8KXCD8;
						ProvisioningStyle = Automatic;
						SystemCapabilities = {
							com.apple.Push = {
								enabled = 1;
							};
						};
					};
				};
			};
			buildConfigurationList = 612112F01E5D559500A0EC9F /* Build configuration list for PBXProject "LuckyStock" */;
			compatibilityVersion = "Xcode 3.2";
			developmentRegion = English;
			hasScannedForEncodings = 0;
			knownRegions = (
				en,
				Base,
			);
			mainGroup = 612112EC1E5D559500A0EC9F;
			productRefGroup = 612112F61E5D559500A0EC9F /* Products */;
			projectDirPath = "";
			projectRoot = "";
			targets = (
				612112F41E5D559500A0EC9F /* LuckyStock */,
			);
		};
/* End PBXProject section */

/* Begin PBXResourcesBuildPhase section */
		612112F31E5D559500A0EC9F /* Resources */ = {
			isa = PBXResourcesBuildPhase;
			buildActionMask = 2147483647;
			files = (
				612113031E5D559500A0EC9F /* LaunchScreen.storyboard in Resources */,
				612113001E5D559500A0EC9F /* Assets.xcassets in Resources */,
				61F854FF1E5F501E00287399 /* GoogleService-Info.plist in Resources */,
			);
			runOnlyForDeploymentPostprocessing = 0;
		};
/* End PBXResourcesBuildPhase section */

/* Begin PBXShellScriptBuildPhase section */
		1ED4C88A564C6B501EC28BFC /* [CP] Copy Pods Resources */ = {
			isa = PBXShellScriptBuildPhase;
			buildActionMask = 2147483647;
			files = (
			);
			inputPaths = (
			);
			name = "[CP] Copy Pods Resources";
			outputPaths = (
			);
			runOnlyForDeploymentPostprocessing = 0;
			shellPath = /bin/sh;
			shellScript = "\"${SRCROOT}/Pods/Target Support Files/Pods-LuckyStock/Pods-LuckyStock-resources.sh\"\n";
			showEnvVarsInLog = 0;
		};
		602B2FB2D231717D33F986FB /* [CP] Check Pods Manifest.lock */ = {
			isa = PBXShellScriptBuildPhase;
			buildActionMask = 2147483647;
			files = (
			);
			inputPaths = (
			);
			name = "[CP] Check Pods Manifest.lock";
			outputPaths = (
			);
			runOnlyForDeploymentPostprocessing = 0;
			shellPath = /bin/sh;
			shellScript = "diff \"${PODS_ROOT}/../Podfile.lock\" \"${PODS_ROOT}/Manifest.lock\" > /dev/null\nif [ $? != 0 ] ; then\n    # print error to STDERR\n    echo \"error: The sandbox is not in sync with the Podfile.lock. Run 'pod install' or update your CocoaPods installation.\" >&2\n    exit 1\nfi\n";
			showEnvVarsInLog = 0;
		};
		DF4BFE21664C7D56528B213D /* [CP] Embed Pods Frameworks */ = {
			isa = PBXShellScriptBuildPhase;
			buildActionMask = 2147483647;
			files = (
			);
			inputPaths = (
			);
			name = "[CP] Embed Pods Frameworks";
			outputPaths = (
			);
			runOnlyForDeploymentPostprocessing = 0;
			shellPath = /bin/sh;
			shellScript = "\"${SRCROOT}/Pods/Target Support Files/Pods-LuckyStock/Pods-LuckyStock-frameworks.sh\"\n";
			showEnvVarsInLog = 0;
		};
/* End PBXShellScriptBuildPhase section */

/* Begin PBXSourcesBuildPhase section */
		612112F11E5D559500A0EC9F /* Sources */ = {
			isa = PBXSourcesBuildPhase;
			buildActionMask = 2147483647;
			files = (
				61F855051E63C81300287399 /* StockDetailViewController.swift in Sources */,
				61F855011E600C5A00287399 /* StockSettingLauncher.swift in Sources */,
				612112FB1E5D559500A0EC9F /* LuckyStockViewController.swift in Sources */,
				61F855071E63CABD00287399 /* StockDetailCell.swift in Sources */,
				613A88E51E649A06001F86BC /* CompanyInfoViewController.swift in Sources */,
				618BF2B91E5EB32E008ED0CB /* Service.swift in Sources */,
				618BF2B71E5E710F008ED0CB /* StockHeader.swift in Sources */,
				618BF2B31E5DFF6D008ED0CB /* UsefulExtension.swift in Sources */,
				61F855031E61C72D00287399 /* SecurityCompanyViewController.swift in Sources */,
				612112F91E5D559500A0EC9F /* AppDelegate.swift in Sources */,
				6121130C1E5D580200A0EC9F /* StockCell.swift in Sources */,
				618BF2B11E5DFDB0008ED0CB /* LuckyStock.swift in Sources */,
			);
			runOnlyForDeploymentPostprocessing = 0;
		};
/* End PBXSourcesBuildPhase section */

/* Begin PBXVariantGroup section */
		612113011E5D559500A0EC9F /* LaunchScreen.storyboard */ = {
			isa = PBXVariantGroup;
			children = (
				612113021E5D559500A0EC9F /* Base */,
			);
			name = LaunchScreen.storyboard;
			sourceTree = "<group>";
		};
/* End PBXVariantGroup section */

/* Begin XCBuildConfiguration section */
		612113051E5D559500A0EC9F /* Debug */ = {
			isa = XCBuildConfiguration;
			buildSettings = {
				ALWAYS_SEARCH_USER_PATHS = NO;
				CLANG_ANALYZER_NONNULL = YES;
				CLANG_CXX_LANGUAGE_STANDARD = "gnu++0x";
				CLANG_CXX_LIBRARY = "libc++";
				CLANG_ENABLE_MODULES = YES;
				CLANG_ENABLE_OBJC_ARC = YES;
				CLANG_WARN_BOOL_CONVERSION = YES;
				CLANG_WARN_CONSTANT_CONVERSION = YES;
				CLANG_WARN_DIRECT_OBJC_ISA_USAGE = YES_ERROR;
				CLANG_WARN_DOCUMENTATION_COMMENTS = YES;
				CLANG_WARN_EMPTY_BODY = YES;
				CLANG_WARN_ENUM_CONVERSION = YES;
				CLANG_WARN_INFINITE_RECURSION = YES;
				CLANG_WARN_INT_CONVERSION = YES;
				CLANG_WARN_OBJC_ROOT_CLASS = YES_ERROR;
				CLANG_WARN_SUSPICIOUS_MOVE = YES;
				CLANG_WARN_UNREACHABLE_CODE = YES;
				CLANG_WARN__DUPLICATE_METHOD_MATCH = YES;
				"CODE_SIGN_IDENTITY[sdk=iphoneos*]" = "iPhone Developer";
				COPY_PHASE_STRIP = NO;
				DEBUG_INFORMATION_FORMAT = dwarf;
				ENABLE_STRICT_OBJC_MSGSEND = YES;
				ENABLE_TESTABILITY = YES;
				GCC_C_LANGUAGE_STANDARD = gnu99;
				GCC_DYNAMIC_NO_PIC = NO;
				GCC_NO_COMMON_BLOCKS = YES;
				GCC_OPTIMIZATION_LEVEL = 0;
				GCC_PREPROCESSOR_DEFINITIONS = (
					"DEBUG=1",
					"$(inherited)",
				);
				GCC_WARN_64_TO_32_BIT_CONVERSION = YES;
				GCC_WARN_ABOUT_RETURN_TYPE = YES_ERROR;
				GCC_WARN_UNDECLARED_SELECTOR = YES;
				GCC_WARN_UNINITIALIZED_AUTOS = YES_AGGRESSIVE;
				GCC_WARN_UNUSED_FUNCTION = YES;
				GCC_WARN_UNUSED_VARIABLE = YES;
				IPHONEOS_DEPLOYMENT_TARGET = 10.2;
				MTL_ENABLE_DEBUG_INFO = YES;
				ONLY_ACTIVE_ARCH = YES;
				SDKROOT = iphoneos;
				SWIFT_ACTIVE_COMPILATION_CONDITIONS = DEBUG;
				SWIFT_OPTIMIZATION_LEVEL = "-Onone";
			};
			name = Debug;
		};
		612113061E5D559500A0EC9F /* Release */ = {
			isa = XCBuildConfiguration;
			buildSettings = {
				ALWAYS_SEARCH_USER_PATHS = NO;
				CLANG_ANALYZER_NONNULL = YES;
				CLANG_CXX_LANGUAGE_STANDARD = "gnu++0x";
				CLANG_CXX_LIBRARY = "libc++";
				CLANG_ENABLE_MODULES = YES;
				CLANG_ENABLE_OBJC_ARC = YES;
				CLANG_WARN_BOOL_CONVERSION = YES;
				CLANG_WARN_CONSTANT_CONVERSION = YES;
				CLANG_WARN_DIRECT_OBJC_ISA_USAGE = YES_ERROR;
				CLANG_WARN_DOCUMENTATION_COMMENTS = YES;
				CLANG_WARN_EMPTY_BODY = YES;
				CLANG_WARN_ENUM_CONVERSION = YES;
				CLANG_WARN_INFINITE_RECURSION = YES;
				CLANG_WARN_INT_CONVERSION = YES;
				CLANG_WARN_OBJC_ROOT_CLASS = YES_ERROR;
				CLANG_WARN_SUSPICIOUS_MOVE = YES;
				CLANG_WARN_UNREACHABLE_CODE = YES;
				CLANG_WARN__DUPLICATE_METHOD_MATCH = YES;
				"CODE_SIGN_IDENTITY[sdk=iphoneos*]" = "iPhone Developer";
				COPY_PHASE_STRIP = NO;
				DEBUG_INFORMATION_FORMAT = "dwarf-with-dsym";
				ENABLE_NS_ASSERTIONS = NO;
				ENABLE_STRICT_OBJC_MSGSEND = YES;
				GCC_C_LANGUAGE_STANDARD = gnu99;
				GCC_NO_COMMON_BLOCKS = YES;
				GCC_WARN_64_TO_32_BIT_CONVERSION = YES;
				GCC_WARN_ABOUT_RETURN_TYPE = YES_ERROR;
				GCC_WARN_UNDECLARED_SELECTOR = YES;
				GCC_WARN_UNINITIALIZED_AUTOS = YES_AGGRESSIVE;
				GCC_WARN_UNUSED_FUNCTION = YES;
				GCC_WARN_UNUSED_VARIABLE = YES;
				IPHONEOS_DEPLOYMENT_TARGET = 10.2;
				MTL_ENABLE_DEBUG_INFO = NO;
				SDKROOT = iphoneos;
				SWIFT_OPTIMIZATION_LEVEL = "-Owholemodule";
				VALIDATE_PRODUCT = YES;
			};
			name = Release;
		};
		612113081E5D559500A0EC9F /* Debug */ = {
			isa = XCBuildConfiguration;
			baseConfigurationReference = 23D54F711939EFD22A7D7EAD /* Pods-LuckyStock.debug.xcconfig */;
			buildSettings = {
				ASSETCATALOG_COMPILER_APPICON_NAME = AppIcon;
				CODE_SIGN_ENTITLEMENTS = LuckyStock/LuckyStock.entitlements;
				DEVELOPMENT_TEAM = 4ANE8KXCD8;
				INFOPLIST_FILE = LuckyStock/Info.plist;
				IPHONEOS_DEPLOYMENT_TARGET = 10.0;
				LD_RUNPATH_SEARCH_PATHS = "$(inherited) @executable_path/Frameworks";
				PRODUCT_BUNDLE_IDENTIFIER = "com.vanness-wu.LuckyStock";
				PRODUCT_NAME = "$(TARGET_NAME)";
				SWIFT_VERSION = 3.0;
			};
			name = Debug;
		};
		612113091E5D559500A0EC9F /* Release */ = {
			isa = XCBuildConfiguration;
			baseConfigurationReference = 05E4698631169F9B33086A2B /* Pods-LuckyStock.release.xcconfig */;
			buildSettings = {
				ASSETCATALOG_COMPILER_APPICON_NAME = AppIcon;
				CODE_SIGN_ENTITLEMENTS = LuckyStock/LuckyStock.entitlements;
				DEVELOPMENT_TEAM = 4ANE8KXCD8;
				INFOPLIST_FILE = LuckyStock/Info.plist;
				IPHONEOS_DEPLOYMENT_TARGET = 10.0;
				LD_RUNPATH_SEARCH_PATHS = "$(inherited) @executable_path/Frameworks";
				PRODUCT_BUNDLE_IDENTIFIER = "com.vanness-wu.LuckyStock";
				PRODUCT_NAME = "$(TARGET_NAME)";
				SWIFT_VERSION = 3.0;
			};
			name = Release;
		};
/* End XCBuildConfiguration section */

/* Begin XCConfigurationList section */
		612112F01E5D559500A0EC9F /* Build configuration list for PBXProject "LuckyStock" */ = {
			isa = XCConfigurationList;
			buildConfigurations = (
				612113051E5D559500A0EC9F /* Debug */,
				612113061E5D559500A0EC9F /* Release */,
			);
			defaultConfigurationIsVisible = 0;
			defaultConfigurationName = Release;
		};
		612113071E5D559500A0EC9F /* Build configuration list for PBXNativeTarget "LuckyStock" */ = {
			isa = XCConfigurationList;
			buildConfigurations = (
				612113081E5D559500A0EC9F /* Debug */,
				612113091E5D559500A0EC9F /* Release */,
			);
			defaultConfigurationIsVisible = 0;
			defaultConfigurationName = Release;
		};
/* End XCConfigurationList section */
	};
	rootObject = 612112ED1E5D559500A0EC9F /* Project object */;
}
